
Microsoft Visual Studio Solution File, Format Version 12.00
# Visual Studio Version 18
VisualStudioVersion = 18.0.11222.15 d18.0
MinimumVisualStudioVersion = 10.0.40219.1
Project("{FAE04EC0-301F-11D3-BF4B-00C04F79EFBC}") = "Medicine_ERP_Desktop", "Medicine_ERP_Desktop.csproj", "{399B6C73-A08A-46BB-97B6-3EC2A545BE74}"
EndProject
Global
	GlobalSection(SolutionConfigurationPlatforms) = preSolution
		Debug|Any CPU = Debug|Any CPU
		Release|Any CPU = Release|Any CPU
	EndGlobalSection
	GlobalSection(ProjectConfigurationPlatforms) = postSolution
		{399B6C73-A08A-46BB-97B6-3EC2A545BE74}.Debug|Any CPU.ActiveCfg = Debug|Any CPU
		{399B6C73-A08A-46BB-97B6-3EC2A545BE74}.Debug|Any CPU.Build.0 = Debug|Any CPU
		{399B6C73-A08A-46BB-97B6-3EC2A545BE74}.Debug|Any CPU.Deploy.0 = Debug|Any CPU
		{399B6C73-A08A-46BB-97B6-3EC2A545BE74}.Release|Any CPU.ActiveCfg = Release|Any CPU
		{399B6C73-A08A-46BB-97B6-3EC2A545BE74}.Release|Any CPU.Build.0 = Release|Any CPU
	EndGlobalSection
	GlobalSection(SolutionProperties) = preSolution
		HideSolutionNode = FALSE
	EndGlobalSection
	GlobalSection(ExtensibilityGlobals) = postSolution
		SolutionGuid = {B800D7A8-5763-40B9-9ECD-9D0022D5A274}
	EndGlobalSection
EndGlobal
